{
  "name": "20231013project",
  "lockfileVersion": 3,
  "requires": true,
  "packages": {
    "": {
      "dependencies": {
        "@vant/weapp": "^1.11.2",
        "mobx-miniprogram": "^4.13.2",
        "mobx-miniprogram-bindings": "^1.2.1"
      }
    },
    "node_modules/@vant/weapp": {
      "version": "1.11.2",
      "resolved": "https://registry.npmmirror.com/@vant/weapp/-/weapp-1.11.2.tgz",
      "integrity": "sha512-NlZQEW4ijxD1GAmTY0dz2mEw0KWff9DSi5k5WGl1YS19qGp1l3BssID/uBnzrC82HjWH/Sb5V9+r7/YEcfnBPQ=="
    },
    "node_modules/mobx-miniprogram": {
      "version": "4.13.2",
      "resolved": "https://registry.npmmirror.com/mobx-miniprogram/-/mobx-miniprogram-4.13.2.tgz",
      "integrity": "sha512-C3HtkqHCLKp35N2gXA80yFD6PNfSqwioPFmnjTQpBLrEqYm1F6yiWZ57CW+8FqgmR306mw6ZfsM5q7hSTHw8BQ=="
    },
    "node_modules/mobx-miniprogram-bindings": {
      "version": "1.2.1",
      "resolved": "https://registry.npmmirror.com/mobx-miniprogram-bindings/-/mobx-miniprogram-bindings-1.2.1.tgz",
      "integrity": "sha512-OleJ0IIc4g8rC7ul0wtn+imapVQvWo/1UxZyvdMrfwcenmHBjY4Bddr90RoIwkM+Ul7nOxsYdsmOsB/mZ0PJmA==",
      "peerDependencies": {
        "mobx-miniprogram": "^4.0.0"
      }
    }
  }
}
